<?xml version="1.0" encoding="utf-8"?>
<Project ToolsVersion="4.0" xmlns="http://schemas.microsoft.com/developer/msbuild/2003">
  <ItemGroup>
    <Filter Include="소스 파일">
      <UniqueIdentifier>{4FC737F1-C7A5-4376-A066-2A32D752A2FF}</UniqueIdentifier>
      <Extensions>cpp;c;cc;cxx;def;odl;idl;hpj;bat;asm;asmx</Extensions>
    </Filter>
    <Filter Include="헤더 파일">
      <UniqueIdentifier>{93995380-89BD-4b04-88EB-625FBE52EBFB}</UniqueIdentifier>
      <Extensions>h;hh;hpp;hxx;hm;inl;inc;ipp;xsd</Extensions>
    </Filter>
    <Filter Include="리소스 파일">
      <UniqueIdentifier>{67DA6AB6-F800-4c08-8B7A-83BB121AAD01}</UniqueIdentifier>
      <Extensions>rc;ico;cur;bmp;dlg;rc2;rct;bin;rgs;gif;jpg;jpeg;jpe;resx;tiff;tif;png;wav;mfcribbon-ms</Extensions>
    </Filter>
    <Filter Include="Tetromino">
      <UniqueIdentifier>{340fddc0-7cfd-4972-8802-7ec98242be37}</UniqueIdentifier>
    </Filter>
    <Filter Include="Stage">
      <UniqueIdentifier>{a4d59692-7c45-488a-ab72-8d7feb77135c}</UniqueIdentifier>
    </Filter>
    <Filter Include="Core">
      <UniqueIdentifier>{381b288b-1821-4f79-84ac-356da96cb713}</UniqueIdentifier>
    </Filter>
  </ItemGroup>
  <ItemGroup>
    <ClCompile Include="Core.cpp">
      <Filter>Core</Filter>
    </ClCompile>
    <ClCompile Include="main.cpp">
      <Filter>소스 파일</Filter>
    </ClCompile>
    <ClCompile Include="StageManager.cpp">
      <Filter>Stage</Filter>
    </ClCompile>
    <ClCompile Include="Stage.cpp">
      <Filter>Stage</Filter>
    </ClCompile>
    <ClCompile Include="TetrominoO.cpp">
      <Filter>Tetromino</Filter>
    </ClCompile>
    <ClCompile Include="Tetromino.cpp">
      <Filter>Tetromino</Filter>
    </ClCompile>
    <ClCompile Include="TetrominoManager.cpp">
      <Filter>Tetromino</Filter>
    </ClCompile>
    <ClCompile Include="TetrominoZ.cpp">
      <Filter>Tetromino</Filter>
    </ClCompile>
    <ClCompile Include="TetrominoI.cpp">
      <Filter>Tetromino</Filter>
    </ClCompile>
    <ClCompile Include="TetrominoJ.cpp">
      <Filter>Tetromino</Filter>
    </ClCompile>
    <ClCompile Include="TetrominoL.cpp">
      <Filter>Tetromino</Filter>
    </ClCompile>
    <ClCompile Include="TetrominoS.cpp">
      <Filter>Tetromino</Filter>
    </ClCompile>
    <ClCompile Include="TetrominoT.cpp">
      <Filter>Tetromino</Filter>
    </ClCompile>
  </ItemGroup>
  <ItemGroup>
    <ClInclude Include="value.h">
      <Filter>헤더 파일</Filter>
    </ClInclude>
    <ClInclude Include="Core.h">
      <Filter>Core</Filter>
    </ClInclude>
    <ClInclude Include="StageManager.h">
      <Filter>Stage</Filter>
    </ClInclude>
    <ClInclude Include="Stage.h">
      <Filter>Stage</Filter>
    </ClInclude>
    <ClInclude Include="Flags.h">
      <Filter>헤더 파일</Filter>
    </ClInclude>
    <ClInclude Include="TetrominoO.h">
      <Filter>Tetromino</Filter>
    </ClInclude>
    <ClInclude Include="Tetromino.h">
      <Filter>Tetromino</Filter>
    </ClInclude>
    <ClInclude Include="TetrominoManager.h">
      <Filter>Tetromino</Filter>
    </ClInclude>
    <ClInclude Include="TetrominoZ.h">
      <Filter>Tetromino</Filter>
    </ClInclude>
    <ClInclude Include="TetrominoI.h">
      <Filter>Tetromino</Filter>
    </ClInclude>
    <ClInclude Include="TetrominoJ.h">
      <Filter>Tetromino</Filter>
    </ClInclude>
    <ClInclude Include="TetrominoL.h">
      <Filter>Tetromino</Filter>
    </ClInclude>
    <ClInclude Include="TetrominoS.h">
      <Filter>Tetromino</Filter>
    </ClInclude>
    <ClInclude Include="TetrominoT.h">
      <Filter>Tetromino</Filter>
    </ClInclude>
  </ItemGroup>
</Project>